{
    "version": 3,
    "terraform_version": "0.8.7",
    "serial": 82,
    "lineage": "856779f9-83c9-4b8d-9009-896a59526928",
    "modules": [
        {
            "path": [
                "root"
            ],
            "outputs": {},
            "resources": {
                "github_membership.Aaron_Kalin": {
                    "type": "github_membership",
                    "depends_on": [],
                    "primary": {
                        "id": "sous-chefs:martinisoft",
                        "attributes": {
                            "id": "sous-chefs:martinisoft",
                            "role": "member",
                            "username": "martinisoft"
                        },
                        "meta": {},
                        "tainted": false
                    },
                    "deposed": [],
                    "provider": ""
                },
                "github_membership.BackSlasher": {
                    "type": "github_membership",
                    "depends_on": [],
                    "primary": {
                        "id": "sous-chefs:BackSlasher",
                        "attributes": {
                            "id": "sous-chefs:BackSlasher",
                            "role": "member",
                            "username": "BackSlasher"
                        },
                        "meta": {},
                        "tainted": false
                    },
                    "deposed": [],
                    "provider": ""
                },
                "github_membership.Brian_Menges": {
                    "type": "github_membership",
                    "depends_on": [],
                    "primary": {
                        "id": "sous-chefs:mengesb",
                        "attributes": {
                            "id": "sous-chefs:mengesb",
                            "role": "member",
                            "username": "mengesb"
                        },
                        "meta": {},
                        "tainted": false
                    },
                    "deposed": [],
                    "provider": ""
                },
                "github_membership.Bryan_Conrad": {
                    "type": "github_membership",
                    "depends_on": [],
                    "primary": {
                        "id": "sous-chefs:bkconrad",
                        "attributes": {
                            "id": "sous-chefs:bkconrad",
                            "role": "member",
                            "username": "bkconrad"
                        },
                        "meta": {},
                        "tainted": false
                    },
                    "deposed": [],
                    "provider": ""
                },
                "github_membership.CloCkWeRX": {
                    "type": "github_membership",
                    "depends_on": [],
                    "primary": {
                        "id": "sous-chefs:CloCkWeRX",
                        "attributes": {
                            "id": "sous-chefs:CloCkWeRX",
                            "role": "member",
                            "username": "CloCkWeRX"
                        },
                        "meta": {},
                        "tainted": false
                    },
                    "deposed": [],
                    "provider": ""
                },
                "github_membership.Dan_Webb": {
                    "type": "github_membership",
                    "depends_on": [],
                    "primary": {
                        "id": "sous-chefs:damacus",
                        "attributes": {
                            "id": "sous-chefs:damacus",
                            "role": "admin",
                            "username": "damacus"
                        },
                        "meta": {},
                        "tainted": false
                    },
                    "deposed": [],
                    "provider": ""
                },
                "github_membership.Drew_Blessing": {
                    "type": "github_membership",
                    "depends_on": [],
                    "primary": {
                        "id": "sous-chefs:dblessing",
                        "attributes": {
                            "id": "sous-chefs:dblessing",
                            "role": "admin",
                            "username": "dblessing"
                        },
                        "meta": {},
                        "tainted": false
                    },
                    "deposed": [],
                    "provider": ""
                },
                "github_membership.Dylan_Myers": {
                    "type": "github_membership",
                    "depends_on": [],
                    "primary": {
                        "id": "sous-chefs:Dylan-M",
                        "attributes": {
                            "id": "sous-chefs:Dylan-M",
                            "role": "member",
                            "username": "Dylan-M"
                        },
                        "meta": {},
                        "tainted": false
                    },
                    "deposed": [],
                    "provider": ""
                },
                "github_membership.GoT": {
                    "type": "github_membership",
                    "depends_on": [],
                    "primary": {
                        "id": "sous-chefs:PierreRambaud",
                        "attributes": {
                            "id": "sous-chefs:PierreRambaud",
                            "role": "member",
                            "username": "PierreRambaud"
                        },
                        "meta": {},
                        "tainted": false
                    },
                    "deposed": [],
                    "provider": ""
                },
                "github_membership.Grant_Ridder": {
                    "type": "github_membership",
                    "depends_on": [],
                    "primary": {
                        "id": "sous-chefs:shortdudey123",
                        "attributes": {
                            "id": "sous-chefs:shortdudey123",
                            "role": "member",
                            "username": "shortdudey123"
                        },
                        "meta": {},
                        "tainted": false
                    },
                    "deposed": [],
                    "provider": ""
                },
                "github_membership.Guilhem_Lettron": {
                    "type": "github_membership",
                    "depends_on": [],
                    "primary": {
                        "id": "sous-chefs:guilhem",
                        "attributes": {
                            "id": "sous-chefs:guilhem",
                            "role": "member",
                            "username": "guilhem"
                        },
                        "meta": {},
                        "tainted": false
                    },
                    "deposed": [],
                    "provider": ""
                },
                "github_membership.Hugo_Fonseca": {
                    "type": "github_membership",
                    "depends_on": [],
                    "primary": {
                        "id": "sous-chefs:fonsecas72",
                        "attributes": {
                            "id": "sous-chefs:fonsecas72",
                            "role": "member",
                            "username": "fonsecas72"
                        },
                        "meta": {},
                        "tainted": false
                    },
                    "deposed": [],
                    "provider": ""
                },
                "github_membership.Jacob_McCann": {
                    "type": "github_membership",
                    "depends_on": [],
                    "primary": {
                        "id": "sous-chefs:jmccann",
                        "attributes": {
                            "id": "sous-chefs:jmccann",
                            "role": "admin",
                            "username": "jmccann"
                        },
                        "meta": {},
                        "tainted": false
                    },
                    "deposed": [],
                    "provider": ""
                },
                "github_membership.Jameson": {
                    "type": "github_membership",
                    "depends_on": [],
                    "primary": {
                        "id": "sous-chefs:jamesonjlee",
                        "attributes": {
                            "id": "sous-chefs:jamesonjlee",
                            "role": "member",
                            "username": "jamesonjlee"
                        },
                        "meta": {},
                        "tainted": false
                    },
                    "deposed": [],
                    "provider": ""
                },
                "github_membership.Jesse_Nelson": {
                    "type": "github_membership",
                    "depends_on": [],
                    "primary": {
                        "id": "sous-chefs:spheromak",
                        "attributes": {
                            "id": "sous-chefs:spheromak",
                            "role": "admin",
                            "username": "spheromak"
                        },
                        "meta": {},
                        "tainted": false
                    },
                    "deposed": [],
                    "provider": ""
                },
                "github_membership.Joseph_Anthony_Pasquale_Holsten": {
                    "type": "github_membership",
                    "depends_on": [],
                    "primary": {
                        "id": "sous-chefs:josephholsten",
                        "attributes": {
                            "id": "sous-chefs:josephholsten",
                            "role": "admin",
                            "username": "josephholsten"
                        },
                        "meta": {},
                        "tainted": false
                    },
                    "deposed": [],
                    "provider": ""
                },
                "github_membership.Joshua_Spiewak": {
                    "type": "github_membership",
                    "depends_on": [],
                    "primary": {
                        "id": "sous-chefs:jspiewak",
                        "attributes": {
                            "id": "sous-chefs:jspiewak",
                            "role": "member",
                            "username": "jspiewak"
                        },
                        "meta": {},
                        "tainted": false
                    },
                    "deposed": [],
                    "provider": ""
                },
                "github_membership.Joshua_Timberman": {
                    "type": "github_membership",
                    "depends_on": [],
                    "primary": {
                        "id": "sous-chefs:jtimberman",
                        "attributes": {
                            "id": "sous-chefs:jtimberman",
                            "role": "member",
                            "username": "jtimberman"
                        },
                        "meta": {},
                        "tainted": false
                    },
                    "deposed": [],
                    "provider": ""
                },
                "github_membership.Julian_Dunn": {
                    "type": "github_membership",
                    "depends_on": [],
                    "primary": {
                        "id": "sous-chefs:juliandunn",
                        "attributes": {
                            "id": "sous-chefs:juliandunn",
                            "role": "member",
                            "username": "juliandunn"
                        },
                        "meta": {},
                        "tainted": false
                    },
                    "deposed": [],
                    "provider": ""
                },
                "github_membership.Lamont_Granquist": {
                    "type": "github_membership",
                    "depends_on": [],
                    "primary": {
                        "id": "sous-chefs:lamont-granquist",
                        "attributes": {
                            "id": "sous-chefs:lamont-granquist",
                            "role": "member",
                            "username": "lamont-granquist"
                        },
                        "meta": {},
                        "tainted": false
                    },
                    "deposed": [],
                    "provider": ""
                },
                "github_membership.Martin_Smith": {
                    "type": "github_membership",
                    "depends_on": [],
                    "primary": {
                        "id": "sous-chefs:martinb3",
                        "attributes": {
                            "id": "sous-chefs:martinb3",
                            "role": "member",
                            "username": "martinb3"
                        },
                        "meta": {},
                        "tainted": false
                    },
                    "deposed": [],
                    "provider": ""
                },
                "github_membership.Mike_Fiedler": {
                    "type": "github_membership",
                    "depends_on": [],
                    "primary": {
                        "id": "sous-chefs:miketheman",
                        "attributes": {
                            "id": "sous-chefs:miketheman",
                            "role": "member",
                            "username": "miketheman"
                        },
                        "meta": {},
                        "tainted": false
                    },
                    "deposed": [],
                    "provider": ""
                },
                "github_membership.Noah_Kantrowitz": {
                    "type": "github_membership",
                    "depends_on": [],
                    "primary": {
                        "id": "sous-chefs:coderanger",
                        "attributes": {
                            "id": "sous-chefs:coderanger",
                            "role": "member",
                            "username": "coderanger"
                        },
                        "meta": {},
                        "tainted": false
                    },
                    "deposed": [],
                    "provider": ""
                },
                "github_membership.Pierce_Moore": {
                    "type": "github_membership",
                    "depends_on": [],
                    "primary": {
                        "id": "sous-chefs:rex",
                        "attributes": {
                            "id": "sous-chefs:rex",
                            "role": "admin",
                            "username": "rex"
                        },
                        "meta": {},
                        "tainted": false
                    },
                    "deposed": [],
                    "provider": ""
                },
                "github_membership.RyanJarv": {
                    "type": "github_membership",
                    "depends_on": [],
                    "primary": {
                        "id": "sous-chefs:RyanJarv",
                        "attributes": {
                            "id": "sous-chefs:RyanJarv",
                            "role": "member",
                            "username": "RyanJarv"
                        },
                        "meta": {},
                        "tainted": false
                    },
                    "deposed": [],
                    "provider": ""
                },
                "github_membership.Sean_OMeara": {
                    "type": "github_membership",
                    "depends_on": [],
                    "primary": {
                        "id": "sous-chefs:somera",
                        "attributes": {
                            "id": "sous-chefs:somera",
                            "role": "admin",
                            "username": "somera"
                        },
                        "meta": {},
                        "tainted": false
                    },
                    "deposed": [],
                    "provider": ""
                },
                "github_membership.Sliim": {
                    "type": "github_membership",
                    "depends_on": [],
                    "primary": {
                        "id": "sous-chefs:Sliim",
                        "attributes": {
                            "id": "sous-chefs:Sliim",
                            "role": "member",
                            "username": "Sliim"
                        },
                        "meta": {},
                        "tainted": false
                    },
                    "deposed": [],
                    "provider": ""
                },
                "github_membership.Thom_May": {
                    "type": "github_membership",
                    "depends_on": [],
                    "primary": {
                        "id": "sous-chefs:thommay",
                        "attributes": {
                            "id": "sous-chefs:thommay",
                            "role": "member",
                            "username": "thommay"
                        },
                        "meta": {},
                        "tainted": false
                    },
                    "deposed": [],
                    "provider": ""
                },
                "github_membership.Tim_Smith": {
                    "type": "github_membership",
                    "depends_on": [],
                    "primary": {
                        "id": "sous-chefs:tas50",
                        "attributes": {
                            "id": "sous-chefs:tas50",
                            "role": "admin",
                            "username": "tas50"
                        },
                        "meta": {},
                        "tainted": false
                    },
                    "deposed": [],
                    "provider": ""
                },
                "github_membership.Xabier_de_Zuazo": {
                    "type": "github_membership",
                    "depends_on": [],
                    "primary": {
                        "id": "sous-chefs:zuazo",
                        "attributes": {
                            "id": "sous-chefs:zuazo",
                            "role": "member",
                            "username": "zuazo"
                        },
                        "meta": {},
                        "tainted": false
                    },
                    "deposed": [],
                    "provider": ""
                },
                "github_membership.atomic-penguin": {
                    "type": "github_membership",
                    "depends_on": [],
                    "primary": {
                        "id": "sous-chefs:atomic-penguin",
                        "attributes": {
                            "id": "sous-chefs:atomic-penguin",
                            "role": "member",
                            "username": "atomic-penguin"
                        },
                        "meta": {},
                        "tainted": false
                    },
                    "deposed": [],
                    "provider": ""
                },
                "github_membership.axelrtgs": {
                    "type": "github_membership",
                    "depends_on": [],
                    "primary": {
                        "id": "sous-chefs:axelrtgs",
                        "attributes": {
                            "id": "sous-chefs:axelrtgs",
                            "role": "member",
                            "username": "axelrtgs"
                        },
                        "meta": {},
                        "tainted": false
                    },
                    "deposed": [],
                    "provider": ""
                },
                "github_membership.evan2645": {
                    "type": "github_membership",
                    "depends_on": [],
                    "primary": {
                        "id": "sous-chefs:evan2645",
                        "attributes": {
                            "id": "sous-chefs:evan2645",
                            "role": "member",
                            "username": "evan2645"
                        },
                        "meta": {},
                        "tainted": false
                    },
                    "deposed": [],
                    "provider": ""
                },
                "github_membership.flaccid": {
                    "type": "github_membership",
                    "depends_on": [],
                    "primary": {
                        "id": "sous-chefs:flaccid",
                        "attributes": {
                            "id": "sous-chefs:flaccid",
                            "role": "member",
                            "username": "flaccid"
                        },
                        "meta": {},
                        "tainted": false
                    },
                    "deposed": [],
                    "provider": ""
                },
                "github_membership.iennae": {
                    "type": "github_membership",
                    "depends_on": [],
                    "primary": {
                        "id": "sous-chefs:iennae",
                        "attributes": {
                            "id": "sous-chefs:iennae",
                            "role": "member",
                            "username": "iennae"
                        },
                        "meta": {},
                        "tainted": false
                    },
                    "deposed": [],
                    "provider": ""
                },
                "github_membership.medyagh": {
                    "type": "github_membership",
                    "depends_on": [],
                    "primary": {
                        "id": "sous-chefs:medyagh",
                        "attributes": {
                            "id": "sous-chefs:medyagh",
                            "role": "member",
                            "username": "medyagh"
                        },
                        "meta": {},
                        "tainted": false
                    },
                    "deposed": [],
                    "provider": ""
                },
                "github_membership.ranjib": {
                    "type": "github_membership",
                    "depends_on": [],
                    "primary": {
                        "id": "sous-chefs:ranjib",
                        "attributes": {
                            "id": "sous-chefs:ranjib",
                            "role": "member",
                            "username": "ranjib"
                        },
                        "meta": {},
                        "tainted": false
                    },
                    "deposed": [],
                    "provider": ""
                },
                "github_membership.rshade": {
                    "type": "github_membership",
                    "depends_on": [],
                    "primary": {
                        "id": "sous-chefs:rshade",
                        "attributes": {
                            "id": "sous-chefs:rshade",
                            "role": "member",
                            "username": "rshade"
                        },
                        "meta": {},
                        "tainted": false
                    },
                    "deposed": [],
                    "provider": ""
                },
                "github_membership.shoekstra": {
                    "type": "github_membership",
                    "depends_on": [],
                    "primary": {
                        "id": "sous-chefs:shoekstra",
                        "attributes": {
                            "id": "sous-chefs:shoekstra",
                            "role": "member",
                            "username": "shoekstra"
                        },
                        "meta": {},
                        "tainted": false
                    },
                    "deposed": [],
                    "provider": ""
                },
                "github_repository.mysql_database": {
                    "type": "github_repository",
                    "depends_on": [],
                    "primary": {
                        "id": "mysql_database",
                        "attributes": {
                            "default_branch": "master",
                            "description": "Sous Chefs MySQL Cookbook",
                            "full_name": "sous-chefs/mysql_database",
                            "git_clone_url": "git://github.com/sous-chefs/mysql_database.git",
                            "has_downloads": "false",
                            "has_issues": "true",
                            "has_wiki": "true",
                            "homepage_url": "",
                            "http_clone_url": "https://github.com/sous-chefs/mysql_database.git",
                            "id": "mysql_database",
                            "name": "mysql_database",
                            "private": "false",
                            "ssh_clone_url": "git@github.com:sous-chefs/mysql_database.git",
                            "svn_url": "https://github.com/sous-chefs/mysql_database"
                        },
                        "meta": {},
                        "tainted": false
                    },
                    "deposed": [],
                    "provider": ""
                },
                "github_repository.sc-mysql": {
                    "type": "github_repository",
                    "depends_on": [],
                    "primary": {
                        "id": "sc-mysql",
                        "attributes": {
                            "default_branch": "master",
                            "description": "Sous Chefs MySQL Cookbook",
                            "full_name": "sous-chefs/sc-mysql",
                            "git_clone_url": "git://github.com/sous-chefs/sc-mysql.git",
                            "has_downloads": "false",
                            "has_issues": "true",
                            "has_wiki": "true",
                            "homepage_url": "",
                            "http_clone_url": "https://github.com/sous-chefs/sc-mysql.git",
                            "id": "sc-mysql",
                            "name": "sc-mysql",
                            "private": "false",
                            "ssh_clone_url": "git@github.com:sous-chefs/sc-mysql.git",
                            "svn_url": "https://github.com/sous-chefs/sc-mysql"
                        },
                        "meta": {},
                        "tainted": false
                    },
                    "deposed": [],
                    "provider": ""
                },
                "github_team.Chef_de_partie": {
                    "type": "github_team",
                    "depends_on": [],
                    "primary": {
                        "id": "2228794",
                        "attributes": {
                            "description": "Chef de partie",
                            "id": "2228794",
                            "name": "chef-de-partie",
                            "privacy": "closed"
                        },
                        "meta": {},
                        "tainted": false
                    },
                    "deposed": [],
                    "provider": ""
                },
                "github_team.apache2": {
                    "type": "github_team",
                    "depends_on": [],
                    "primary": {
                        "id": "2228823",
                        "attributes": {
                            "description": "apache Cookbook Maintainers",
                            "id": "2228823",
                            "name": "apache2",
                            "privacy": "closed"
                        },
                        "meta": {},
                        "tainted": false
                    },
                    "deposed": [],
                    "provider": ""
                },
                "github_team.board": {
                    "type": "github_team",
                    "depends_on": [],
                    "primary": {
                        "id": "2228827",
                        "attributes": {
                            "description": "Board members",
                            "id": "2228827",
                            "name": "Board",
                            "privacy": "closed"
                        },
                        "meta": {},
                        "tainted": false
                    },
                    "deposed": [],
                    "provider": ""
                },
                "github_team.bsdcpio_team": {
                    "type": "github_team",
                    "depends_on": [],
                    "primary": {
                        "id": "2228697",
                        "attributes": {
                            "description": "BSDCPIO Cookbook Maintainers",
                            "id": "2228697",
                            "name": "bsdcpio",
                            "privacy": "closed"
                        },
                        "meta": {},
                        "tainted": false
                    },
                    "deposed": [],
                    "provider": ""
                },
                "github_team.chef-compliance": {
                    "type": "github_team",
                    "depends_on": [],
                    "primary": {
                        "id": "2228278",
                        "attributes": {
                            "description": "chef-compliance Cookbook Maintainers",
                            "id": "2228278",
                            "name": "chef-compliance",
                            "privacy": "closed"
                        },
                        "meta": {},
                        "tainted": false
                    },
                    "deposed": [],
                    "provider": ""
                },
                "github_team.dhcp_team": {
                    "type": "github_team",
                    "depends_on": [],
                    "primary": {
                        "id": "2228677",
                        "attributes": {
                            "description": "DHCP Cookbook Maintainers",
                            "id": "2228677",
                            "name": "dhcp",
                            "privacy": "closed"
                        },
                        "meta": {},
                        "tainted": false
                    },
                    "deposed": [],
                    "provider": ""
                },
                "github_team.graphite_team": {
                    "type": "github_team",
                    "depends_on": [],
                    "primary": {
                        "id": "2228679",
                        "attributes": {
                            "description": "Graphite Cookbook Maintainers",
                            "id": "2228679",
                            "name": "graphite",
                            "privacy": "closed"
                        },
                        "meta": {},
                        "tainted": false
                    },
                    "deposed": [],
                    "provider": ""
                },
                "github_team.haproxy_team": {
                    "type": "github_team",
                    "depends_on": [],
                    "primary": {
                        "id": "2228680",
                        "attributes": {
                            "description": "HAProxy Cookbook Maintainers",
                            "id": "2228680",
                            "name": "haproxy",
                            "privacy": "closed"
                        },
                        "meta": {},
                        "tainted": false
                    },
                    "deposed": [],
                    "provider": ""
                },
                "github_team.mariadb_team": {
                    "type": "github_team",
                    "depends_on": [],
                    "primary": {
                        "id": "2287444",
                        "attributes": {
                            "description": "mariadb Cookbook Maintainers",
                            "id": "2287444",
                            "name": "mariadb",
                            "privacy": "closed"
                        },
                        "meta": {},
                        "tainted": false
                    },
                    "deposed": [],
                    "provider": ""
                },
                "github_team.mongodb_team": {
                    "type": "github_team",
                    "depends_on": [],
                    "primary": {
                        "id": "2228698",
                        "attributes": {
                            "description": "MongoDB Cookbook Maintainers",
                            "id": "2228698",
                            "name": "mongodb",
                            "privacy": "closed"
                        },
                        "meta": {},
                        "tainted": false
                    },
                    "deposed": [],
                    "provider": ""
                },
                "github_team.mysql_database_team": {
                    "type": "github_team",
                    "depends_on": [],
                    "primary": {
                        "id": "2286143",
                        "attributes": {
                            "description": "mysql_database Cookbook Maintainers",
                            "id": "2286143",
                            "name": "mysql_database",
                            "privacy": "closed"
                        },
                        "meta": {},
                        "tainted": false
                    },
                    "deposed": [],
                    "provider": ""
                },
                "github_team.nano_team": {
                    "type": "github_team",
                    "depends_on": [],
                    "primary": {
                        "id": "2228699",
                        "attributes": {
                            "description": "HAProxy Cookbook Maintainers",
                            "id": "2228699",
                            "name": "nano",
                            "privacy": "closed"
                        },
                        "meta": {},
                        "tainted": false
                    },
                    "deposed": [],
                    "provider": ""
                },
                "github_team.openvpn_team": {
                    "type": "github_team",
                    "depends_on": [],
                    "primary": {
                        "id": "2228684",
                        "attributes": {
                            "description": "OpenVPN Cookbook Maintainers",
                            "id": "2228684",
                            "name": "openvpn",
                            "privacy": "closed"
                        },
                        "meta": {},
                        "tainted": false
                    },
                    "deposed": [],
                    "provider": ""
                },
                "github_team.ossec_team": {
                    "type": "github_team",
                    "depends_on": [],
                    "primary": {
                        "id": "2228773",
                        "attributes": {
                            "description": "ossec Cookbook Maintainers",
                            "id": "2228773",
                            "name": "ossec",
                            "privacy": "closed"
                        },
                        "meta": {},
                        "tainted": false
                    },
                    "deposed": [],
                    "provider": ""
                },
                "github_team.postgresql_team": {
                    "type": "github_team",
                    "depends_on": [],
                    "primary": {
                        "id": "2228681",
                        "attributes": {
                            "description": "PostgreSQL Cookbook Maintainers",
                            "id": "2228681",
                            "name": "postgresql",
                            "privacy": "closed"
                        },
                        "meta": {},
                        "tainted": false
                    },
                    "deposed": [],
                    "provider": ""
                },
                "github_team.ruby_build": {
                    "type": "github_team",
                    "depends_on": [],
                    "primary": {
                        "id": "2262847",
                        "attributes": {
                            "description": "Ruby Build Cookbook Maintainers",
                            "id": "2262847",
                            "name": "ruby_build",
                            "privacy": "closed"
                        },
                        "meta": {},
                        "tainted": false
                    },
                    "deposed": [],
                    "provider": ""
                },
                "github_team.ruby_rbenv": {
                    "type": "github_team",
                    "depends_on": [],
                    "primary": {
                        "id": "2262846",
                        "attributes": {
                            "description": "Ruby Build Cookbook Maintainers",
                            "id": "2262846",
                            "name": "ruby_rbenv",
                            "privacy": "closed"
                        },
                        "meta": {},
                        "tainted": false
                    },
                    "deposed": [],
                    "provider": ""
                },
                "github_team.samba": {
                    "type": "github_team",
                    "depends_on": [],
                    "primary": {
                        "id": "2228233",
                        "attributes": {
                            "description": "Samba Cookbook Maintainers",
                            "id": "2228233",
                            "name": "samba",
                            "privacy": "closed"
                        },
                        "meta": {},
                        "tainted": false
                    },
                    "deposed": [],
                    "provider": ""
                },
                "github_team.sc-mysql_team": {
                    "type": "github_team",
                    "depends_on": [],
                    "primary": {
                        "id": "2285906",
                        "attributes": {
                            "description": "sc-mysql Cookbook Maintainers",
                            "id": "2285906",
                            "name": "sc-mysql",
                            "privacy": "closed"
                        },
                        "meta": {},
                        "tainted": false
                    },
                    "deposed": [],
                    "provider": ""
                },
                "github_team.selinuxpolicy": {
                    "type": "github_team",
                    "depends_on": [],
                    "primary": {
                        "id": "2228244",
                        "attributes": {
                            "description": "selinuxpolicy Cookbook Maintainers",
                            "id": "2228244",
                            "name": "selinuxpolicy",
                            "privacy": "closed"
                        },
                        "meta": {},
                        "tainted": false
                    },
                    "deposed": [],
                    "provider": ""
                },
                "github_team.smartmontools_team": {
                    "type": "github_team",
                    "depends_on": [],
                    "primary": {
                        "id": "2228683",
                        "attributes": {
                            "description": "SmartMonTools Cookbook Maintainers",
                            "id": "2228683",
                            "name": "smartmontools",
                            "privacy": "closed"
                        },
                        "meta": {},
                        "tainted": false
                    },
                    "deposed": [],
                    "provider": ""
                },
                "github_team.snort_team": {
                    "type": "github_team",
                    "depends_on": [],
                    "primary": {
                        "id": "2228768",
                        "attributes": {
                            "description": "snort Cookbook Maintainers",
                            "id": "2228768",
                            "name": "snort",
                            "privacy": "closed"
                        },
                        "meta": {},
                        "tainted": false
                    },
                    "deposed": [],
                    "provider": ""
                },
                "github_team.swap": {
                    "type": "github_team",
                    "depends_on": [],
                    "primary": {
                        "id": "2279762",
                        "attributes": {
                            "description": "Swap Cookbook Maintainers",
                            "id": "2279762",
                            "name": "swap",
                            "privacy": "closed"
                        },
                        "meta": {},
                        "tainted": false
                    },
                    "deposed": [],
                    "provider": ""
                },
                "github_team.sysctl_team": {
                    "type": "github_team",
                    "depends_on": [],
                    "primary": {
                        "id": "2228769",
                        "attributes": {
                            "description": "sysctl Cookbook Maintainers",
                            "id": "2228769",
                            "name": "sysctl",
                            "privacy": "closed"
                        },
                        "meta": {},
                        "tainted": false
                    },
                    "deposed": [],
                    "provider": ""
                },
                "github_team.unbound_team": {
                    "type": "github_team",
                    "depends_on": [],
                    "primary": {
                        "id": "2228781",
                        "attributes": {
                            "description": "Unbound Cookbook Maintainers",
                            "id": "2228781",
                            "name": "unbound",
                            "privacy": "closed"
                        },
                        "meta": {},
                        "tainted": false
                    },
                    "deposed": [],
                    "provider": ""
                },
                "github_team.varnish_team": {
                    "type": "github_team",
                    "depends_on": [],
                    "primary": {
                        "id": "2269502",
                        "attributes": {
                            "description": "Varnish Cookbook Maintainers",
                            "id": "2269502",
                            "name": "varnish",
                            "privacy": "closed"
                        },
                        "meta": {},
                        "tainted": false
                    },
                    "deposed": [],
                    "provider": ""
                },
                "github_team_membership.BackSlasher": {
                    "type": "github_team_membership",
                    "depends_on": [
                        "github_team.Chef_de_partie"
                    ],
                    "primary": {
                        "id": "2228794:BackSlasher",
                        "attributes": {
                            "id": "2228794:BackSlasher",
                            "role": "member",
                            "team_id": "2228794",
                            "username": "BackSlasher"
                        },
                        "meta": {},
                        "tainted": false
                    },
                    "deposed": [],
                    "provider": ""
                },
                "github_team_membership.CloCkWeRX": {
                    "type": "github_team_membership",
                    "depends_on": [
                        "github_team.Chef_de_partie"
                    ],
                    "primary": {
                        "id": "2228794:CloCkWeRX",
                        "attributes": {
                            "id": "2228794:CloCkWeRX",
                            "role": "member",
                            "team_id": "2228794",
                            "username": "CloCkWeRX"
                        },
                        "meta": {},
                        "tainted": false
                    },
                    "deposed": [],
                    "provider": ""
                },
                "github_team_membership.Dylan-M": {
                    "type": "github_team_membership",
                    "depends_on": [
                        "github_team.Chef_de_partie"
                    ],
                    "primary": {
                        "id": "2228794:Dylan-M",
                        "attributes": {
                            "id": "2228794:Dylan-M",
                            "role": "member",
                            "team_id": "2228794",
                            "username": "Dylan-M"
                        },
                        "meta": {},
                        "tainted": false
                    },
                    "deposed": [],
                    "provider": ""
                },
                "github_team_membership.PierreRambaud": {
                    "type": "github_team_membership",
                    "depends_on": [
                        "github_team.Chef_de_partie"
                    ],
                    "primary": {
                        "id": "2228794:PierreRambaud",
                        "attributes": {
                            "id": "2228794:PierreRambaud",
                            "role": "member",
                            "team_id": "2228794",
                            "username": "PierreRambaud"
                        },
                        "meta": {},
                        "tainted": false
                    },
                    "deposed": [],
                    "provider": ""
                },
                "github_team_membership.RyanJarv": {
                    "type": "github_team_membership",
                    "depends_on": [
                        "github_team.Chef_de_partie"
                    ],
                    "primary": {
                        "id": "2228794:RyanJarv",
                        "attributes": {
                            "id": "2228794:RyanJarv",
                            "role": "member",
                            "team_id": "2228794",
                            "username": "RyanJarv"
                        },
                        "meta": {},
                        "tainted": false
                    },
                    "deposed": [],
                    "provider": ""
                },
                "github_team_membership.Sliim": {
                    "type": "github_team_membership",
                    "depends_on": [
                        "github_team.Chef_de_partie"
                    ],
                    "primary": {
                        "id": "2228794:Sliim",
                        "attributes": {
                            "id": "2228794:Sliim",
                            "role": "member",
                            "team_id": "2228794",
                            "username": "Sliim"
                        },
                        "meta": {},
                        "tainted": false
                    },
                    "deposed": [],
                    "provider": ""
                },
                "github_team_membership.apache2-maintainer": {
                    "type": "github_team_membership",
                    "depends_on": [
                        "github_team.apache2"
                    ],
                    "primary": {
                        "id": "2228823:svanzoest",
                        "attributes": {
                            "id": "2228823:svanzoest",
                            "role": "maintainer",
                            "team_id": "2228823",
                            "username": "svanzoest"
                        },
                        "meta": {},
                        "tainted": false
                    },
                    "deposed": [],
                    "provider": ""
                },
                "github_team_membership.atomic-penguin": {
                    "type": "github_team_membership",
                    "depends_on": [
                        "github_team.Chef_de_partie"
                    ],
                    "primary": {
                        "id": "2228794:atomic-penguin",
                        "attributes": {
                            "id": "2228794:atomic-penguin",
                            "role": "member",
                            "team_id": "2228794",
                            "username": "atomic-penguin"
                        },
                        "meta": {},
                        "tainted": false
                    },
                    "deposed": [],
                    "provider": ""
                },
                "github_team_membership.axelrtgs": {
                    "type": "github_team_membership",
                    "depends_on": [
                        "github_team.Chef_de_partie"
                    ],
                    "primary": {
                        "id": "2228794:axelrtgs",
                        "attributes": {
                            "id": "2228794:axelrtgs",
                            "role": "member",
                            "team_id": "2228794",
                            "username": "axelrtgs"
                        },
                        "meta": {},
                        "tainted": false
                    },
                    "deposed": [],
                    "provider": ""
                },
                "github_team_membership.bkconrad": {
                    "type": "github_team_membership",
                    "depends_on": [
                        "github_team.Chef_de_partie"
                    ],
                    "primary": {
                        "id": "2228794:bkconrad",
                        "attributes": {
                            "id": "2228794:bkconrad",
                            "role": "member",
                            "team_id": "2228794",
                            "username": "bkconrad"
                        },
                        "meta": {},
                        "tainted": false
                    },
                    "deposed": [],
                    "provider": ""
                },
                "github_team_membership.bsdcpio-maintainer-1": {
                    "type": "github_team_membership",
                    "depends_on": [
                        "github_team.bsdcpio_team"
                    ],
                    "primary": {
                        "id": "2228697:josephholsten",
                        "attributes": {
                            "id": "2228697:josephholsten",
                            "role": "maintainer",
                            "team_id": "2228697",
                            "username": "josephholsten"
                        },
                        "meta": {},
                        "tainted": false
                    },
                    "deposed": [],
                    "provider": ""
                },
                "github_team_membership.chef-compliance-maintainer": {
                    "type": "github_team_membership",
                    "depends_on": [
                        "github_team.chef-compliance"
                    ],
                    "primary": {
                        "id": "2228278:mengesb",
                        "attributes": {
                            "id": "2228278:mengesb",
                            "role": "maintainer",
                            "team_id": "2228278",
                            "username": "mengesb"
                        },
                        "meta": {},
                        "tainted": false
                    },
                    "deposed": [],
                    "provider": ""
                },
                "github_team_membership.coderanger": {
                    "type": "github_team_membership",
                    "depends_on": [
                        "github_team.Chef_de_partie"
                    ],
                    "primary": {
                        "id": "2228794:coderanger",
                        "attributes": {
                            "id": "2228794:coderanger",
                            "role": "member",
                            "team_id": "2228794",
                            "username": "coderanger"
                        },
                        "meta": {},
                        "tainted": false
                    },
                    "deposed": [],
                    "provider": ""
                },
                "github_team_membership.damacus": {
                    "type": "github_team_membership",
                    "depends_on": [
                        "github_team.Chef_de_partie"
                    ],
                    "primary": {
                        "id": "2228794:damacus",
                        "attributes": {
                            "id": "2228794:damacus",
                            "role": "maintainer",
                            "team_id": "2228794",
                            "username": "damacus"
                        },
                        "meta": {},
                        "tainted": false
                    },
                    "deposed": [],
                    "provider": ""
                },
                "github_team_membership.damacus-board": {
                    "type": "github_team_membership",
                    "depends_on": [
                        "github_team.board"
                    ],
                    "primary": {
                        "id": "2228827:damacus",
                        "attributes": {
                            "id": "2228827:damacus",
                            "role": "maintainer",
                            "team_id": "2228827",
                            "username": "damacus"
                        },
                        "meta": {},
                        "tainted": false
                    },
                    "deposed": [],
                    "provider": ""
                },
                "github_team_membership.dblessing": {
                    "type": "github_team_membership",
                    "depends_on": [
                        "github_team.Chef_de_partie"
                    ],
                    "primary": {
                        "id": "2228794:dblessing",
                        "attributes": {
                            "id": "2228794:dblessing",
                            "role": "maintainer",
                            "team_id": "2228794",
                            "username": "dblessing"
                        },
                        "meta": {},
                        "tainted": false
                    },
                    "deposed": [],
                    "provider": ""
                },
                "github_team_membership.dhcp-maintainer-1": {
                    "type": "github_team_membership",
                    "depends_on": [
                        "github_team.dhcp_team"
                    ],
                    "primary": {
                        "id": "2228677:jmccann",
                        "attributes": {
                            "id": "2228677:jmccann",
                            "role": "maintainer",
                            "team_id": "2228677",
                            "username": "jmccann"
                        },
                        "meta": {},
                        "tainted": false
                    },
                    "deposed": [],
                    "provider": ""
                },
                "github_team_membership.dhcp-maintainer-2": {
                    "type": "github_team_membership",
                    "depends_on": [
                        "github_team.dhcp_team"
                    ],
                    "primary": {
                        "id": "2228677:shortdudey123",
                        "attributes": {
                            "id": "2228677:shortdudey123",
                            "role": "maintainer",
                            "team_id": "2228677",
                            "username": "shortdudey123"
                        },
                        "meta": {},
                        "tainted": false
                    },
                    "deposed": [],
                    "provider": ""
                },
                "github_team_membership.evan2645": {
                    "type": "github_team_membership",
                    "depends_on": [
                        "github_team.Chef_de_partie"
                    ],
                    "primary": {
                        "id": "2228794:evan2645",
                        "attributes": {
                            "id": "2228794:evan2645",
                            "role": "member",
                            "team_id": "2228794",
                            "username": "evan2645"
                        },
                        "meta": {},
                        "tainted": false
                    },
                    "deposed": [],
                    "provider": ""
                },
                "github_team_membership.flaccid": {
                    "type": "github_team_membership",
                    "depends_on": [
                        "github_team.Chef_de_partie"
                    ],
                    "primary": {
                        "id": "2228794:flaccid",
                        "attributes": {
                            "id": "2228794:flaccid",
                            "role": "member",
                            "team_id": "2228794",
                            "username": "flaccid"
                        },
                        "meta": {},
                        "tainted": false
                    },
                    "deposed": [],
                    "provider": ""
                },
                "github_team_membership.fonsecas72": {
                    "type": "github_team_membership",
                    "depends_on": [
                        "github_team.Chef_de_partie"
                    ],
                    "primary": {
                        "id": "2228794:fonsecas72",
                        "attributes": {
                            "id": "2228794:fonsecas72",
                            "role": "member",
                            "team_id": "2228794",
                            "username": "fonsecas72"
                        },
                        "meta": {},
                        "tainted": false
                    },
                    "deposed": [],
                    "provider": ""
                },
                "github_team_membership.graphite-maintainer-1": {
                    "type": "github_team_membership",
                    "depends_on": [
                        "github_team.graphite_team"
                    ],
                    "primary": {
                        "id": "2228679:tas50",
                        "attributes": {
                            "id": "2228679:tas50",
                            "role": "maintainer",
                            "team_id": "2228679",
                            "username": "tas50"
                        },
                        "meta": {},
                        "tainted": false
                    },
                    "deposed": [],
                    "provider": ""
                },
                "github_team_membership.guilhem": {
                    "type": "github_team_membership",
                    "depends_on": [
                        "github_team.Chef_de_partie"
                    ],
                    "primary": {
                        "id": "2228794:guilhem",
                        "attributes": {
                            "id": "2228794:guilhem",
                            "role": "member",
                            "team_id": "2228794",
                            "username": "guilhem"
                        },
                        "meta": {},
                        "tainted": false
                    },
                    "deposed": [],
                    "provider": ""
                },
                "github_team_membership.haproxy-maintainer-1": {
                    "type": "github_team_membership",
                    "depends_on": [
                        "github_team.haproxy_team"
                    ],
                    "primary": {
                        "id": "2228680:tas50",
                        "attributes": {
                            "id": "2228680:tas50",
                            "role": "maintainer",
                            "team_id": "2228680",
                            "username": "tas50"
                        },
                        "meta": {},
                        "tainted": false
                    },
                    "deposed": [],
                    "provider": ""
                },
                "github_team_membership.haproxy-maintainer-2": {
                    "type": "github_team_membership",
                    "depends_on": [
                        "github_team.haproxy_team"
                    ],
                    "primary": {
                        "id": "2228680:rshade",
                        "attributes": {
                            "id": "2228680:rshade",
                            "role": "member",
                            "team_id": "2228680",
                            "username": "rshade"
                        },
                        "meta": {},
                        "tainted": false
                    },
                    "deposed": [],
                    "provider": ""
                },
                "github_team_membership.iennae": {
                    "type": "github_team_membership",
                    "depends_on": [
                        "github_team.Chef_de_partie"
                    ],
                    "primary": {
                        "id": "2228794:iennae",
                        "attributes": {
                            "id": "2228794:iennae",
                            "role": "member",
                            "team_id": "2228794",
                            "username": "iennae"
                        },
                        "meta": {},
                        "tainted": false
                    },
                    "deposed": [],
                    "provider": ""
                },
                "github_team_membership.jamesonjlee": {
                    "type": "github_team_membership",
                    "depends_on": [
                        "github_team.Chef_de_partie"
                    ],
                    "primary": {
                        "id": "2228794:jamesonjlee",
                        "attributes": {
                            "id": "2228794:jamesonjlee",
                            "role": "member",
                            "team_id": "2228794",
                            "username": "jamesonjlee"
                        },
                        "meta": {},
                        "tainted": false
                    },
                    "deposed": [],
                    "provider": ""
                },
                "github_team_membership.jmccann": {
                    "type": "github_team_membership",
                    "depends_on": [
                        "github_team.Chef_de_partie"
                    ],
                    "primary": {
                        "id": "2228794:jmccann",
                        "attributes": {
                            "id": "2228794:jmccann",
                            "role": "maintainer",
                            "team_id": "2228794",
                            "username": "jmccann"
                        },
                        "meta": {},
                        "tainted": false
                    },
                    "deposed": [],
                    "provider": ""
                },
                "github_team_membership.josephholsten": {
                    "type": "github_team_membership",
                    "depends_on": [
                        "github_team.Chef_de_partie"
                    ],
                    "primary": {
                        "id": "2228794:josephholsten",
                        "attributes": {
                            "id": "2228794:josephholsten",
                            "role": "maintainer",
                            "team_id": "2228794",
                            "username": "josephholsten"
                        },
                        "meta": {},
                        "tainted": false
                    },
                    "deposed": [],
                    "provider": ""
                },
                "github_team_membership.josephholsten-board": {
                    "type": "github_team_membership",
                    "depends_on": [
                        "github_team.board"
                    ],
                    "primary": {
                        "id": "2228827:josephholsten",
                        "attributes": {
                            "id": "2228827:josephholsten",
                            "role": "maintainer",
                            "team_id": "2228827",
                            "username": "josephholsten"
                        },
                        "meta": {},
                        "tainted": false
                    },
                    "deposed": [],
                    "provider": ""
                },
                "github_team_membership.jspiewak": {
                    "type": "github_team_membership",
                    "depends_on": [
                        "github_team.Chef_de_partie"
                    ],
                    "primary": {
                        "id": "2228794:jspiewak",
                        "attributes": {
                            "id": "2228794:jspiewak",
                            "role": "member",
                            "team_id": "2228794",
                            "username": "jspiewak"
                        },
                        "meta": {},
                        "tainted": false
                    },
                    "deposed": [],
                    "provider": ""
                },
                "github_team_membership.jtimberman": {
                    "type": "github_team_membership",
                    "depends_on": [
                        "github_team.Chef_de_partie"
                    ],
                    "primary": {
                        "id": "2228794:jtimberman",
                        "attributes": {
                            "id": "2228794:jtimberman",
                            "role": "member",
                            "team_id": "2228794",
                            "username": "jtimberman"
                        },
                        "meta": {},
                        "tainted": false
                    },
                    "deposed": [],
                    "provider": ""
                },
                "github_team_membership.juliandunn": {
                    "type": "github_team_membership",
                    "depends_on": [
                        "github_team.Chef_de_partie"
                    ],
                    "primary": {
                        "id": "2228794:juliandunn",
                        "attributes": {
                            "id": "2228794:juliandunn",
                            "role": "member",
                            "team_id": "2228794",
                            "username": "juliandunn"
                        },
                        "meta": {},
                        "tainted": false
                    },
                    "deposed": [],
                    "provider": ""
                },
                "github_team_membership.lamont-granquist": {
                    "type": "github_team_membership",
                    "depends_on": [
                        "github_team.Chef_de_partie"
                    ],
                    "primary": {
                        "id": "2228794:lamont-granquist",
                        "attributes": {
                            "id": "2228794:lamont-granquist",
                            "role": "member",
                            "team_id": "2228794",
                            "username": "lamont-granquist"
                        },
                        "meta": {},
                        "tainted": false
                    },
                    "deposed": [],
                    "provider": ""
                },
                "github_team_membership.luishdez": {
                    "type": "github_team_membership",
                    "depends_on": [
                        "github_team.Chef_de_partie"
                    ],
                    "primary": {
                        "id": "2228794:luishdez",
                        "attributes": {
                            "id": "2228794:luishdez",
                            "role": "maintainer",
                            "team_id": "2228794",
                            "username": "luishdez"
                        },
                        "meta": {},
                        "tainted": false
                    },
                    "deposed": [],
                    "provider": ""
                },
                "github_team_membership.mariadb-maintainer-1": {
                    "type": "github_team_membership",
                    "depends_on": [
                        "github_team.mariadb_team"
                    ],
                    "primary": {
                        "id": "2287444:shoekstra",
                        "attributes": {
                            "id": "2287444:shoekstra",
                            "role": "maintainer",
                            "team_id": "2287444",
                            "username": "shoekstra"
                        },
                        "meta": {},
                        "tainted": false
                    },
                    "deposed": [],
                    "provider": ""
                },
                "github_team_membership.martinb3": {
                    "type": "github_team_membership",
                    "depends_on": [
                        "github_team.Chef_de_partie"
                    ],
                    "primary": {
                        "id": "2228794:martinb3",
                        "attributes": {
                            "id": "2228794:martinb3",
                            "role": "member",
                            "team_id": "2228794",
                            "username": "martinb3"
                        },
                        "meta": {},
                        "tainted": false
                    },
                    "deposed": [],
                    "provider": ""
                },
                "github_team_membership.martinisoft": {
                    "type": "github_team_membership",
                    "depends_on": [
                        "github_team.Chef_de_partie"
                    ],
                    "primary": {
                        "id": "2228794:martinisoft",
                        "attributes": {
                            "id": "2228794:martinisoft",
                            "role": "member",
                            "team_id": "2228794",
                            "username": "martinisoft"
                        },
                        "meta": {},
                        "tainted": false
                    },
                    "deposed": [],
                    "provider": ""
                },
                "github_team_membership.medyagh": {
                    "type": "github_team_membership",
                    "depends_on": [
                        "github_team.Chef_de_partie"
                    ],
                    "primary": {
                        "id": "2228794:medyagh",
                        "attributes": {
                            "id": "2228794:medyagh",
                            "role": "member",
                            "team_id": "2228794",
                            "username": "medyagh"
                        },
                        "meta": {},
                        "tainted": false
                    },
                    "deposed": [],
                    "provider": ""
                },
                "github_team_membership.mengesb": {
                    "type": "github_team_membership",
                    "depends_on": [
                        "github_team.Chef_de_partie"
                    ],
                    "primary": {
                        "id": "2228794:mengesb",
                        "attributes": {
                            "id": "2228794:mengesb",
                            "role": "member",
                            "team_id": "2228794",
                            "username": "mengesb"
                        },
                        "meta": {},
                        "tainted": false
                    },
                    "deposed": [],
                    "provider": ""
                },
                "github_team_membership.miketheman": {
                    "type": "github_team_membership",
                    "depends_on": [
                        "github_team.Chef_de_partie"
                    ],
                    "primary": {
                        "id": "2228794:miketheman",
                        "attributes": {
                            "id": "2228794:miketheman",
                            "role": "member",
                            "team_id": "2228794",
                            "username": "miketheman"
                        },
                        "meta": {},
                        "tainted": false
                    },
                    "deposed": [],
                    "provider": ""
                },
                "github_team_membership.mongodb-maintainer-1": {
                    "type": "github_team_membership",
                    "depends_on": [
                        "github_team.mongodb_team"
                    ],
                    "primary": {
                        "id": "2228698:damacus",
                        "attributes": {
                            "id": "2228698:damacus",
                            "role": "maintainer",
                            "team_id": "2228698",
                            "username": "damacus"
                        },
                        "meta": {},
                        "tainted": false
                    },
                    "deposed": [],
                    "provider": ""
                },
                "github_team_membership.mongodb-maintainer-2": {
                    "type": "github_team_membership",
                    "depends_on": [
                        "github_team.mongodb_team"
                    ],
                    "primary": {
                        "id": "2228698:shortdudey123",
                        "attributes": {
                            "id": "2228698:shortdudey123",
                            "role": "maintainer",
                            "team_id": "2228698",
                            "username": "shortdudey123"
                        },
                        "meta": {},
                        "tainted": false
                    },
                    "deposed": [],
                    "provider": ""
                },
                "github_team_membership.mysql_database-maintainer-1": {
                    "type": "github_team_membership",
                    "depends_on": [
                        "github_team.mysql_database_team"
                    ],
                    "primary": {
                        "id": "2286143:rshade",
                        "attributes": {
                            "id": "2286143:rshade",
                            "role": "maintainer",
                            "team_id": "2286143",
                            "username": "rshade"
                        },
                        "meta": {},
                        "tainted": false
                    },
                    "deposed": [],
                    "provider": ""
                },
                "github_team_membership.mysql_database-maintainer-2": {
                    "type": "github_team_membership",
                    "depends_on": [
                        "github_team.mysql_database_team"
                    ],
                    "primary": {
                        "id": "2286143:damacus",
                        "attributes": {
                            "id": "2286143:damacus",
                            "role": "maintainer",
                            "team_id": "2286143",
                            "username": "damacus"
                        },
                        "meta": {},
                        "tainted": false
                    },
                    "deposed": [],
                    "provider": ""
                },
                "github_team_membership.mysql_database-maintainer-3": {
                    "type": "github_team_membership",
                    "depends_on": [
                        "github_team.mysql_database_team"
                    ],
                    "primary": {
                        "id": "2286143:iennae",
                        "attributes": {
                            "id": "2286143:iennae",
                            "role": "maintainer",
                            "team_id": "2286143",
                            "username": "iennae"
                        },
                        "meta": {},
                        "tainted": false
                    },
                    "deposed": [],
                    "provider": ""
                },
                "github_team_membership.nano-maintainer-1": {
                    "type": "github_team_membership",
                    "depends_on": [
                        "github_team.nano_team"
                    ],
                    "primary": {
                        "id": "2228699:tas50",
                        "attributes": {
                            "id": "2228699:tas50",
                            "role": "maintainer",
                            "team_id": "2228699",
                            "username": "tas50"
                        },
                        "meta": {},
                        "tainted": false
                    },
                    "deposed": [],
                    "provider": ""
                },
                "github_team_membership.openvpn-maintainer-1": {
                    "type": "github_team_membership",
                    "depends_on": [
                        "github_team.openvpn_team"
                    ],
                    "primary": {
                        "id": "2228684:flaccid",
                        "attributes": {
                            "id": "2228684:flaccid",
                            "role": "maintainer",
                            "team_id": "2228684",
                            "username": "flaccid"
                        },
                        "meta": {},
                        "tainted": false
                    },
                    "deposed": [],
                    "provider": ""
                },
                "github_team_membership.ossec-maintainer-1": {
                    "type": "github_team_membership",
                    "depends_on": [
                        "github_team.ossec_team"
                    ],
                    "primary": {
                        "id": "2228773:tas50",
                        "attributes": {
                            "id": "2228773:tas50",
                            "role": "maintainer",
                            "team_id": "2228773",
                            "username": "tas50"
                        },
                        "meta": {},
                        "tainted": false
                    },
                    "deposed": [],
                    "provider": ""
                },
                "github_team_membership.ossec-maintainer-2": {
                    "type": "github_team_membership",
                    "depends_on": [
                        "github_team.ossec_team"
                    ],
                    "primary": {
                        "id": "2228773:jtimberman",
                        "attributes": {
                            "id": "2228773:jtimberman",
                            "role": "member",
                            "team_id": "2228773",
                            "username": "jtimberman"
                        },
                        "meta": {},
                        "tainted": false
                    },
                    "deposed": [],
                    "provider": ""
                },
                "github_team_membership.ossec-maintainer-3": {
                    "type": "github_team_membership",
                    "depends_on": [
                        "github_team.ossec_team"
                    ],
                    "primary": {
                        "id": "2228773:ranjib",
                        "attributes": {
                            "id": "2228773:ranjib",
                            "role": "member",
                            "team_id": "2228773",
                            "username": "ranjib"
                        },
                        "meta": {},
                        "tainted": false
                    },
                    "deposed": [],
                    "provider": ""
                },
                "github_team_membership.ossec-maintainer-4": {
                    "type": "github_team_membership",
                    "depends_on": [
                        "github_team.ossec_team"
                    ],
                    "primary": {
                        "id": "2228773:evan2645",
                        "attributes": {
                            "id": "2228773:evan2645",
                            "role": "member",
                            "team_id": "2228773",
                            "username": "evan2645"
                        },
                        "meta": {},
                        "tainted": false
                    },
                    "deposed": [],
                    "provider": ""
                },
                "github_team_membership.postgresql-maintainer-1": {
                    "type": "github_team_membership",
                    "depends_on": [
                        "github_team.postgresql_team"
                    ],
                    "primary": {
                        "id": "2228681:tas50",
                        "attributes": {
                            "id": "2228681:tas50",
                            "role": "maintainer",
                            "team_id": "2228681",
                            "username": "tas50"
                        },
                        "meta": {},
                        "tainted": false
                    },
                    "deposed": [],
                    "provider": ""
                },
                "github_team_membership.ranjib": {
                    "type": "github_team_membership",
                    "depends_on": [
                        "github_team.Chef_de_partie"
                    ],
                    "primary": {
                        "id": "2228794:ranjib",
                        "attributes": {
                            "id": "2228794:ranjib",
                            "role": "member",
                            "team_id": "2228794",
                            "username": "ranjib"
                        },
                        "meta": {},
                        "tainted": false
                    },
                    "deposed": [],
                    "provider": ""
                },
                "github_team_membership.rex": {
                    "type": "github_team_membership",
                    "depends_on": [
                        "github_team.Chef_de_partie"
                    ],
                    "primary": {
                        "id": "2228794:rex",
                        "attributes": {
                            "id": "2228794:rex",
                            "role": "maintainer",
                            "team_id": "2228794",
                            "username": "rex"
                        },
                        "meta": {},
                        "tainted": false
                    },
                    "deposed": [],
                    "provider": ""
                },
                "github_team_membership.rshade": {
                    "type": "github_team_membership",
                    "depends_on": [
                        "github_team.Chef_de_partie"
                    ],
                    "primary": {
                        "id": "2228794:rshade",
                        "attributes": {
                            "id": "2228794:rshade",
                            "role": "member",
                            "team_id": "2228794",
                            "username": "rshade"
                        },
                        "meta": {},
                        "tainted": false
                    },
                    "deposed": [],
                    "provider": ""
                },
                "github_team_membership.ruby_build-maintainer-1": {
                    "type": "github_team_membership",
                    "depends_on": [
                        "github_team.ruby_build"
                    ],
                    "primary": {
                        "id": "2262847:CloCkWeRX",
                        "attributes": {
                            "id": "2262847:CloCkWeRX",
                            "role": "maintainer",
                            "team_id": "2262847",
                            "username": "CloCkWeRX"
                        },
                        "meta": {},
                        "tainted": false
                    },
                    "deposed": [],
                    "provider": ""
                },
                "github_team_membership.ruby_build-maintainer-2": {
                    "type": "github_team_membership",
                    "depends_on": [
                        "github_team.ruby_build"
                    ],
                    "primary": {
                        "id": "2262847:tas50",
                        "attributes": {
                            "id": "2262847:tas50",
                            "role": "maintainer",
                            "team_id": "2262847",
                            "username": "tas50"
                        },
                        "meta": {},
                        "tainted": false
                    },
                    "deposed": [],
                    "provider": ""
                },
                "github_team_membership.ruby_rbenv-maintainer-1": {
                    "type": "github_team_membership",
                    "depends_on": [
                        "github_team.ruby_rbenv"
                    ],
                    "primary": {
                        "id": "2262846:CloCkWeRX",
                        "attributes": {
                            "id": "2262846:CloCkWeRX",
                            "role": "maintainer",
                            "team_id": "2262846",
                            "username": "CloCkWeRX"
                        },
                        "meta": {},
                        "tainted": false
                    },
                    "deposed": [],
                    "provider": ""
                },
                "github_team_membership.ruby_rbenv-maintainer-2": {
                    "type": "github_team_membership",
                    "depends_on": [
                        "github_team.ruby_rbenv"
                    ],
                    "primary": {
                        "id": "2262846:tas50",
                        "attributes": {
                            "id": "2262846:tas50",
                            "role": "maintainer",
                            "team_id": "2262846",
                            "username": "tas50"
                        },
                        "meta": {},
                        "tainted": false
                    },
                    "deposed": [],
                    "provider": ""
                },
                "github_team_membership.samba-maintainer": {
                    "type": "github_team_membership",
                    "depends_on": [
                        "github_team.samba"
                    ],
                    "primary": {
                        "id": "2228233:damacus",
                        "attributes": {
                            "id": "2228233:damacus",
                            "role": "maintainer",
                            "team_id": "2228233",
                            "username": "damacus"
                        },
                        "meta": {},
                        "tainted": false
                    },
                    "deposed": [],
                    "provider": ""
                },
                "github_team_membership.sc-mysql-maintainer-1": {
                    "type": "github_team_membership",
                    "depends_on": [
                        "github_team.sc-mysql_team"
                    ],
                    "primary": {
                        "id": "2285906:rshade",
                        "attributes": {
                            "id": "2285906:rshade",
                            "role": "maintainer",
                            "team_id": "2285906",
                            "username": "rshade"
                        },
                        "meta": {},
                        "tainted": false
                    },
                    "deposed": [],
                    "provider": ""
                },
                "github_team_membership.sc-mysql-maintainer-2": {
                    "type": "github_team_membership",
                    "depends_on": [
                        "github_team.sc-mysql_team"
                    ],
                    "primary": {
                        "id": "2285906:damacus",
                        "attributes": {
                            "id": "2285906:damacus",
                            "role": "maintainer",
                            "team_id": "2285906",
                            "username": "damacus"
                        },
                        "meta": {},
                        "tainted": false
                    },
                    "deposed": [],
                    "provider": ""
                },
                "github_team_membership.sc-mysql-maintainer-3": {
                    "type": "github_team_membership",
                    "depends_on": [
                        "github_team.sc-mysql_team"
                    ],
                    "primary": {
                        "id": "2285906:iennae",
                        "attributes": {
                            "id": "2285906:iennae",
                            "role": "maintainer",
                            "team_id": "2285906",
                            "username": "iennae"
                        },
                        "meta": {},
                        "tainted": false
                    },
                    "deposed": [],
                    "provider": ""
                },
                "github_team_membership.selinuxpolicy-member": {
                    "type": "github_team_membership",
                    "depends_on": [
                        "github_team.selinuxpolicy"
                    ],
                    "primary": {
                        "id": "2228244:shortdudey123",
                        "attributes": {
                            "id": "2228244:shortdudey123",
                            "role": "member",
                            "team_id": "2228244",
                            "username": "shortdudey123"
                        },
                        "meta": {},
                        "tainted": false
                    },
                    "deposed": [],
                    "provider": ""
                },
                "github_team_membership.selinuxpolicy-member-2": {
                    "type": "github_team_membership",
                    "depends_on": [
                        "github_team.selinuxpolicy"
                    ],
                    "primary": {
                        "id": "2228244:BackSlasher",
                        "attributes": {
                            "id": "2228244:BackSlasher",
                            "role": "member",
                            "team_id": "2228244",
                            "username": "BackSlasher"
                        },
                        "meta": {},
                        "tainted": false
                    },
                    "deposed": [],
                    "provider": ""
                },
                "github_team_membership.shoekstra": {
                    "type": "github_team_membership",
                    "depends_on": [
                        "github_team.Chef_de_partie"
                    ],
                    "primary": {
                        "id": "2228794:shoekstra",
                        "attributes": {
                            "id": "2228794:shoekstra",
                            "role": "member",
                            "team_id": "2228794",
                            "username": "shoekstra"
                        },
                        "meta": {},
                        "tainted": false
                    },
                    "deposed": [],
                    "provider": ""
                },
                "github_team_membership.shortdudey123": {
                    "type": "github_team_membership",
                    "depends_on": [
                        "github_team.Chef_de_partie"
                    ],
                    "primary": {
                        "id": "2228794:shortdudey123",
                        "attributes": {
                            "id": "2228794:shortdudey123",
                            "role": "member",
                            "team_id": "2228794",
                            "username": "shortdudey123"
                        },
                        "meta": {},
                        "tainted": false
                    },
                    "deposed": [],
                    "provider": ""
                },
                "github_team_membership.smartmontools-maintainer-1": {
                    "type": "github_team_membership",
                    "depends_on": [
                        "github_team.smartmontools_team"
                    ],
                    "primary": {
                        "id": "2228683:tas50",
                        "attributes": {
                            "id": "2228683:tas50",
                            "role": "maintainer",
                            "team_id": "2228683",
                            "username": "tas50"
                        },
                        "meta": {},
                        "tainted": false
                    },
                    "deposed": [],
                    "provider": ""
                },
                "github_team_membership.snort-maintainer-1": {
                    "type": "github_team_membership",
                    "depends_on": [
                        "github_team.snort_team"
                    ],
                    "primary": {
                        "id": "2228768:tas50",
                        "attributes": {
                            "id": "2228768:tas50",
                            "role": "maintainer",
                            "team_id": "2228768",
                            "username": "tas50"
                        },
                        "meta": {},
                        "tainted": false
                    },
                    "deposed": [],
                    "provider": ""
                },
                "github_team_membership.snort-maintainer-2": {
                    "type": "github_team_membership",
                    "depends_on": [
                        "github_team.snort_team"
                    ],
                    "primary": {
                        "id": "2228768:jtimberman",
                        "attributes": {
                            "id": "2228768:jtimberman",
                            "role": "member",
                            "team_id": "2228768",
                            "username": "jtimberman"
                        },
                        "meta": {},
                        "tainted": false
                    },
                    "deposed": [],
                    "provider": ""
                },
                "github_team_membership.someara": {
                    "type": "github_team_membership",
                    "depends_on": [
                        "github_team.Chef_de_partie"
                    ],
                    "primary": {
                        "id": "2228794:somera",
                        "attributes": {
                            "id": "2228794:somera",
                            "role": "member",
                            "team_id": "2228794",
                            "username": "somera"
                        },
                        "meta": {},
                        "tainted": false
                    },
                    "deposed": [],
                    "provider": ""
                },
                "github_team_membership.spheromak": {
                    "type": "github_team_membership",
                    "depends_on": [
                        "github_team.Chef_de_partie"
                    ],
                    "primary": {
                        "id": "2228794:spheromak",
                        "attributes": {
                            "id": "2228794:spheromak",
                            "role": "maintainer",
                            "team_id": "2228794",
                            "username": "spheromak"
                        },
                        "meta": {},
                        "tainted": false
                    },
                    "deposed": [],
                    "provider": ""
                },
                "github_team_membership.svanzoest": {
                    "type": "github_team_membership",
                    "depends_on": [
                        "github_team.Chef_de_partie"
                    ],
                    "primary": {
                        "id": "2228794:svanzoest",
                        "attributes": {
                            "id": "2228794:svanzoest",
                            "role": "member",
                            "team_id": "2228794",
                            "username": "svanzoest"
                        },
                        "meta": {},
                        "tainted": false
                    },
                    "deposed": [],
                    "provider": ""
                },
                "github_team_membership.swap-maintainer-1": {
                    "type": "github_team_membership",
                    "depends_on": [
                        "github_team.swap"
                    ],
                    "primary": {
                        "id": "2279762:tas50",
                        "attributes": {
                            "id": "2279762:tas50",
                            "role": "maintainer",
                            "team_id": "2279762",
                            "username": "tas50"
                        },
                        "meta": {},
                        "tainted": false
                    },
                    "deposed": [],
                    "provider": ""
                },
                "github_team_membership.sysctl-maintainer-1": {
                    "type": "github_team_membership",
                    "depends_on": [
                        "github_team.sysctl_team"
                    ],
                    "primary": {
                        "id": "2228769:svanzoest",
                        "attributes": {
                            "id": "2228769:svanzoest",
                            "role": "maintainer",
                            "team_id": "2228769",
                            "username": "svanzoest"
                        },
                        "meta": {},
                        "tainted": false
                    },
                    "deposed": [],
                    "provider": ""
                },
                "github_team_membership.tas50": {
                    "type": "github_team_membership",
                    "depends_on": [
                        "github_team.Chef_de_partie"
                    ],
                    "primary": {
                        "id": "2228794:tas50",
                        "attributes": {
                            "id": "2228794:tas50",
                            "role": "maintainer",
                            "team_id": "2228794",
                            "username": "tas50"
                        },
                        "meta": {},
                        "tainted": false
                    },
                    "deposed": [],
                    "provider": ""
                },
                "github_team_membership.tas50-board": {
                    "type": "github_team_membership",
                    "depends_on": [
                        "github_team.board"
                    ],
                    "primary": {
                        "id": "2228827:tas50",
                        "attributes": {
                            "id": "2228827:tas50",
                            "role": "maintainer",
                            "team_id": "2228827",
                            "username": "tas50"
                        },
                        "meta": {},
                        "tainted": false
                    },
                    "deposed": [],
                    "provider": ""
                },
                "github_team_membership.thommay": {
                    "type": "github_team_membership",
                    "depends_on": [
                        "github_team.Chef_de_partie"
                    ],
                    "primary": {
                        "id": "2228794:thommay",
                        "attributes": {
                            "id": "2228794:thommay",
                            "role": "member",
                            "team_id": "2228794",
                            "username": "thommay"
                        },
                        "meta": {},
                        "tainted": false
                    },
                    "deposed": [],
                    "provider": ""
                },
                "github_team_membership.unbound-maintainer-1": {
                    "type": "github_team_membership",
                    "depends_on": [
                        "github_team.unbound_team"
                    ],
                    "primary": {
                        "id": "2228781:jtimberman",
                        "attributes": {
                            "id": "2228781:jtimberman",
                            "role": "maintainer",
                            "team_id": "2228781",
                            "username": "jtimberman"
                        },
                        "meta": {},
                        "tainted": false
                    },
                    "deposed": [],
                    "provider": ""
                },
                "github_team_membership.unbound-maintainer-2": {
                    "type": "github_team_membership",
                    "depends_on": [
                        "github_team.unbound_team"
                    ],
                    "primary": {
                        "id": "2228781:dblessing",
                        "attributes": {
                            "id": "2228781:dblessing",
                            "role": "maintainer",
                            "team_id": "2228781",
                            "username": "dblessing"
                        },
                        "meta": {},
                        "tainted": false
                    },
                    "deposed": [],
                    "provider": ""
                },
                "github_team_membership.varnish-maintainer-1": {
                    "type": "github_team_membership",
                    "depends_on": [
                        "github_team.varnish_team"
                    ],
                    "primary": {
                        "id": "2269502:martinb3",
                        "attributes": {
                            "id": "2269502:martinb3",
                            "role": "maintainer",
                            "team_id": "2269502",
                            "username": "martinb3"
                        },
                        "meta": {},
                        "tainted": false
                    },
                    "deposed": [],
                    "provider": ""
                },
                "github_team_membership.varnish-maintainer-2": {
                    "type": "github_team_membership",
                    "depends_on": [
                        "github_team.varnish_team"
                    ],
                    "primary": {
                        "id": "2269502:rshade",
                        "attributes": {
                            "id": "2269502:rshade",
                            "role": "member",
                            "team_id": "2269502",
                            "username": "rshade"
                        },
                        "meta": {},
                        "tainted": false
                    },
                    "deposed": [],
                    "provider": ""
                },
                "github_team_membership.varnish-maintainer-3": {
                    "type": "github_team_membership",
                    "depends_on": [
                        "github_team.varnish_team"
                    ],
                    "primary": {
                        "id": "2269502:RyanJarv",
                        "attributes": {
                            "id": "2269502:RyanJarv",
                            "role": "member",
                            "team_id": "2269502",
                            "username": "RyanJarv"
                        },
                        "meta": {},
                        "tainted": false
                    },
                    "deposed": [],
                    "provider": ""
                },
                "github_team_membership.zuazo": {
                    "type": "github_team_membership",
                    "depends_on": [
                        "github_team.Chef_de_partie"
                    ],
                    "primary": {
                        "id": "2228794:zuazo",
                        "attributes": {
                            "id": "2228794:zuazo",
                            "role": "member",
                            "team_id": "2228794",
                            "username": "zuazo"
                        },
                        "meta": {},
                        "tainted": false
                    },
                    "deposed": [],
                    "provider": ""
                },
                "github_team_repository.apache2_repo": {
                    "type": "github_team_repository",
                    "depends_on": [
                        "github_team.apache2"
                    ],
                    "primary": {
                        "id": "2228823:apache2",
                        "attributes": {
                            "id": "2228823:apache2",
                            "permission": "admin",
                            "repository": "apache2",
                            "team_id": "2228823"
                        },
                        "meta": {},
                        "tainted": false
                    },
                    "deposed": [],
                    "provider": ""
                },
                "github_team_repository.bsdcpio": {
                    "type": "github_team_repository",
                    "depends_on": [
                        "github_team.Chef_de_partie"
                    ],
                    "primary": {
                        "id": "2228794:bsdcpio",
                        "attributes": {
                            "id": "2228794:bsdcpio",
                            "permission": "pull",
                            "repository": "bsdcpio",
                            "team_id": "2228794"
                        },
                        "meta": {},
                        "tainted": false
                    },
                    "deposed": [],
                    "provider": ""
                },
                "github_team_repository.bsdcpio_repo": {
                    "type": "github_team_repository",
                    "depends_on": [
                        "github_team.bsdcpio_team"
                    ],
                    "primary": {
                        "id": "2228697:bsdcpio",
                        "attributes": {
                            "id": "2228697:bsdcpio",
                            "permission": "admin",
                            "repository": "bsdcpio",
                            "team_id": "2228697"
                        },
                        "meta": {},
                        "tainted": false
                    },
                    "deposed": [],
                    "provider": ""
                },
                "github_team_repository.chef-compliance": {
                    "type": "github_team_repository",
                    "depends_on": [
                        "github_team.Chef_de_partie"
                    ],
                    "primary": {
                        "id": "2228794:chef-compliance",
                        "attributes": {
                            "id": "2228794:chef-compliance",
                            "permission": "pull",
                            "repository": "chef-compliance",
                            "team_id": "2228794"
                        },
                        "meta": {},
                        "tainted": false
                    },
                    "deposed": [],
                    "provider": ""
                },
                "github_team_repository.chef-compliance_repo": {
                    "type": "github_team_repository",
                    "depends_on": [
                        "github_team.chef-compliance"
                    ],
                    "primary": {
                        "id": "2228278:chef-compliance",
                        "attributes": {
                            "id": "2228278:chef-compliance",
                            "permission": "admin",
                            "repository": "chef-compliance",
                            "team_id": "2228278"
                        },
                        "meta": {},
                        "tainted": false
                    },
                    "deposed": [],
                    "provider": ""
                },
                "github_team_repository.dhcp": {
                    "type": "github_team_repository",
                    "depends_on": [
                        "github_team.Chef_de_partie"
                    ],
                    "primary": {
                        "id": "2228794:dhcp",
                        "attributes": {
                            "id": "2228794:dhcp",
                            "permission": "pull",
                            "repository": "dhcp",
                            "team_id": "2228794"
                        },
                        "meta": {},
                        "tainted": false
                    },
                    "deposed": [],
                    "provider": ""
                },
                "github_team_repository.dhcp_repo": {
                    "type": "github_team_repository",
                    "depends_on": [
                        "github_team.dhcp_team"
                    ],
                    "primary": {
                        "id": "2228677:dhcp",
                        "attributes": {
                            "id": "2228677:dhcp",
                            "permission": "admin",
                            "repository": "dhcp",
                            "team_id": "2228677"
                        },
                        "meta": {},
                        "tainted": false
                    },
                    "deposed": [],
                    "provider": ""
                },
                "github_team_repository.edelight-chef-mongodb-transition": {
                    "type": "github_team_repository",
                    "depends_on": [
                        "github_team.board"
                    ],
                    "primary": {
                        "id": "2228827:edelight-chef-mongodb-transition",
                        "attributes": {
                            "id": "2228827:edelight-chef-mongodb-transition",
                            "permission": "admin",
                            "repository": "edelight-chef-mongodb-transition",
                            "team_id": "2228827"
                        },
                        "meta": {},
                        "tainted": false
                    },
                    "deposed": [],
                    "provider": ""
                },
                "github_team_repository.graphite_repo": {
                    "type": "github_team_repository",
                    "depends_on": [
                        "github_team.graphite_team"
                    ],
                    "primary": {
                        "id": "2228679:graphite",
                        "attributes": {
                            "id": "2228679:graphite",
                            "permission": "admin",
                            "repository": "graphite",
                            "team_id": "2228679"
                        },
                        "meta": {},
                        "tainted": false
                    },
                    "deposed": [],
                    "provider": ""
                },
                "github_team_repository.haproxy": {
                    "type": "github_team_repository",
                    "depends_on": [
                        "github_team.Chef_de_partie"
                    ],
                    "primary": {
                        "id": "2228794:haproxy",
                        "attributes": {
                            "id": "2228794:haproxy",
                            "permission": "pull",
                            "repository": "haproxy",
                            "team_id": "2228794"
                        },
                        "meta": {},
                        "tainted": false
                    },
                    "deposed": [],
                    "provider": ""
                },
                "github_team_repository.haproxy_repo": {
                    "type": "github_team_repository",
                    "depends_on": [
                        "github_team.haproxy_team"
                    ],
                    "primary": {
                        "id": "2228680:haproxy",
                        "attributes": {
                            "id": "2228680:haproxy",
                            "permission": "admin",
                            "repository": "haproxy",
                            "team_id": "2228680"
                        },
                        "meta": {},
                        "tainted": false
                    },
                    "deposed": [],
                    "provider": ""
                },
                "github_team_repository.mariadb": {
                    "type": "github_team_repository",
                    "depends_on": [
                        "github_team.Chef_de_partie"
                    ],
                    "primary": {
                        "id": "2228794:mariadb",
                        "attributes": {
                            "id": "2228794:mariadb",
                            "permission": "pull",
                            "repository": "mariadb",
                            "team_id": "2228794"
                        },
                        "meta": {},
                        "tainted": false
                    },
                    "deposed": [],
                    "provider": ""
                },
                "github_team_repository.mariadb_repo": {
                    "type": "github_team_repository",
                    "depends_on": [
                        "github_team.mariadb_team"
                    ],
                    "primary": {
                        "id": "2287444:mariadb",
                        "attributes": {
                            "id": "2287444:mariadb",
                            "permission": "admin",
                            "repository": "mariadb",
                            "team_id": "2287444"
                        },
                        "meta": {},
                        "tainted": false
                    },
                    "deposed": [],
                    "provider": ""
                },
                "github_team_repository.meta": {
                    "type": "github_team_repository",
                    "depends_on": [
                        "github_team.Chef_de_partie"
                    ],
                    "primary": {
                        "id": "2228794:meta",
                        "attributes": {
                            "id": "2228794:meta",
                            "permission": "admin",
                            "repository": "meta",
                            "team_id": "2228794"
                        },
                        "meta": {},
                        "tainted": false
                    },
                    "deposed": [],
                    "provider": ""
                },
                "github_team_repository.mongodb": {
                    "type": "github_team_repository",
                    "depends_on": [
                        "github_team.Chef_de_partie"
                    ],
                    "primary": {
                        "id": "2228794:mongodb",
                        "attributes": {
                            "id": "2228794:mongodb",
                            "permission": "pull",
                            "repository": "mongodb",
                            "team_id": "2228794"
                        },
                        "meta": {},
                        "tainted": false
                    },
                    "deposed": [],
                    "provider": ""
                },
                "github_team_repository.mongodb_repo": {
                    "type": "github_team_repository",
                    "depends_on": [
                        "github_team.mongodb_team"
                    ],
                    "primary": {
                        "id": "2228698:mongodb",
                        "attributes": {
                            "id": "2228698:mongodb",
                            "permission": "admin",
                            "repository": "mongodb",
                            "team_id": "2228698"
                        },
                        "meta": {},
                        "tainted": false
                    },
                    "deposed": [],
                    "provider": ""
                },
                "github_team_repository.mysql_database": {
                    "type": "github_team_repository",
                    "depends_on": [
                        "github_team.Chef_de_partie"
                    ],
                    "primary": {
                        "id": "2228794:mysql_database",
                        "attributes": {
                            "id": "2228794:mysql_database",
                            "permission": "pull",
                            "repository": "mysql_database",
                            "team_id": "2228794"
                        },
                        "meta": {},
                        "tainted": false
                    },
                    "deposed": [],
                    "provider": ""
                },
                "github_team_repository.mysql_database_repo": {
                    "type": "github_team_repository",
                    "depends_on": [
                        "github_team.mysql_database_team"
                    ],
                    "primary": {
                        "id": "2286143:mysql_database",
                        "attributes": {
                            "id": "2286143:mysql_database",
                            "permission": "admin",
                            "repository": "mysql_database",
                            "team_id": "2286143"
                        },
                        "meta": {},
                        "tainted": false
                    },
                    "deposed": [],
                    "provider": ""
                },
                "github_team_repository.nano": {
                    "type": "github_team_repository",
                    "depends_on": [
                        "github_team.Chef_de_partie"
                    ],
                    "primary": {
                        "id": "2228794:nano",
                        "attributes": {
                            "id": "2228794:nano",
                            "permission": "pull",
                            "repository": "nano",
                            "team_id": "2228794"
                        },
                        "meta": {},
                        "tainted": false
                    },
                    "deposed": [],
                    "provider": ""
                },
                "github_team_repository.nano_repo": {
                    "type": "github_team_repository",
                    "depends_on": [
                        "github_team.nano_team"
                    ],
                    "primary": {
                        "id": "2228699:nano",
                        "attributes": {
                            "id": "2228699:nano",
                            "permission": "admin",
                            "repository": "nano",
                            "team_id": "2228699"
                        },
                        "meta": {},
                        "tainted": false
                    },
                    "deposed": [],
                    "provider": ""
                },
                "github_team_repository.openvpn_repo": {
                    "type": "github_team_repository",
                    "depends_on": [
                        "github_team.openvpn_team"
                    ],
                    "primary": {
                        "id": "2228684:openvpn",
                        "attributes": {
                            "id": "2228684:openvpn",
                            "permission": "admin",
                            "repository": "openvpn",
                            "team_id": "2228684"
                        },
                        "meta": {},
                        "tainted": false
                    },
                    "deposed": [],
                    "provider": ""
                },
                "github_team_repository.ossec": {
                    "type": "github_team_repository",
                    "depends_on": [
                        "github_team.Chef_de_partie"
                    ],
                    "primary": {
                        "id": "2228794:ossec",
                        "attributes": {
                            "id": "2228794:ossec",
                            "permission": "pull",
                            "repository": "ossec",
                            "team_id": "2228794"
                        },
                        "meta": {},
                        "tainted": false
                    },
                    "deposed": [],
                    "provider": ""
                },
                "github_team_repository.ossec_repo": {
                    "type": "github_team_repository",
                    "depends_on": [
                        "github_team.ossec_team"
                    ],
                    "primary": {
                        "id": "2228773:ossec",
                        "attributes": {
                            "id": "2228773:ossec",
                            "permission": "admin",
                            "repository": "ossec",
                            "team_id": "2228773"
                        },
                        "meta": {},
                        "tainted": false
                    },
                    "deposed": [],
                    "provider": ""
                },
                "github_team_repository.postgresql": {
                    "type": "github_team_repository",
                    "depends_on": [
                        "github_team.Chef_de_partie"
                    ],
                    "primary": {
                        "id": "2228794:postgresql",
                        "attributes": {
                            "id": "2228794:postgresql",
                            "permission": "pull",
                            "repository": "postgresql",
                            "team_id": "2228794"
                        },
                        "meta": {},
                        "tainted": false
                    },
                    "deposed": [],
                    "provider": ""
                },
                "github_team_repository.postgresql_repo": {
                    "type": "github_team_repository",
                    "depends_on": [
                        "github_team.postgresql_team"
                    ],
                    "primary": {
                        "id": "2228681:postgresql",
                        "attributes": {
                            "id": "2228681:postgresql",
                            "permission": "admin",
                            "repository": "postgresql",
                            "team_id": "2228681"
                        },
                        "meta": {},
                        "tainted": false
                    },
                    "deposed": [],
                    "provider": ""
                },
                "github_team_repository.ruby_build": {
                    "type": "github_team_repository",
                    "depends_on": [
                        "github_team.Chef_de_partie"
                    ],
                    "primary": {
                        "id": "2228794:ruby_build",
                        "attributes": {
                            "id": "2228794:ruby_build",
                            "permission": "pull",
                            "repository": "ruby_build",
                            "team_id": "2228794"
                        },
                        "meta": {},
                        "tainted": false
                    },
                    "deposed": [],
                    "provider": ""
                },
                "github_team_repository.ruby_build_repo": {
                    "type": "github_team_repository",
                    "depends_on": [
                        "github_team.ruby_build"
                    ],
                    "primary": {
                        "id": "2262847:ruby_build",
                        "attributes": {
                            "id": "2262847:ruby_build",
                            "permission": "admin",
                            "repository": "ruby_build",
                            "team_id": "2262847"
                        },
                        "meta": {},
                        "tainted": false
                    },
                    "deposed": [],
                    "provider": ""
                },
                "github_team_repository.ruby_rbenv": {
                    "type": "github_team_repository",
                    "depends_on": [
                        "github_team.Chef_de_partie"
                    ],
                    "primary": {
                        "id": "2228794:ruby_rbenv",
                        "attributes": {
                            "id": "2228794:ruby_rbenv",
                            "permission": "pull",
                            "repository": "ruby_rbenv",
                            "team_id": "2228794"
                        },
                        "meta": {},
                        "tainted": false
                    },
                    "deposed": [],
                    "provider": ""
                },
                "github_team_repository.ruby_rbenv_repo": {
                    "type": "github_team_repository",
                    "depends_on": [
                        "github_team.ruby_rbenv"
                    ],
                    "primary": {
                        "id": "2262846:ruby_rbenv",
                        "attributes": {
                            "id": "2262846:ruby_rbenv",
                            "permission": "admin",
                            "repository": "ruby_rbenv",
                            "team_id": "2262846"
                        },
                        "meta": {},
                        "tainted": false
                    },
                    "deposed": [],
                    "provider": ""
                },
                "github_team_repository.samba_repo": {
                    "type": "github_team_repository",
                    "depends_on": [
                        "github_team.samba"
                    ],
                    "primary": {
                        "id": "2228233:samba",
                        "attributes": {
                            "id": "2228233:samba",
                            "permission": "admin",
                            "repository": "samba",
                            "team_id": "2228233"
                        },
                        "meta": {},
                        "tainted": false
                    },
                    "deposed": [],
                    "provider": ""
                },
                "github_team_repository.sc-foodcritic-rules": {
                    "type": "github_team_repository",
                    "depends_on": [
                        "github_team.board"
                    ],
                    "primary": {
                        "id": "2228827:sc-foodcritic-rules",
                        "attributes": {
                            "id": "2228827:sc-foodcritic-rules",
                            "permission": "admin",
                            "repository": "sc-foodcritic-rules",
                            "team_id": "2228827"
                        },
                        "meta": {},
                        "tainted": false
                    },
                    "deposed": [],
                    "provider": ""
                },
                "github_team_repository.sc-foodcritic-rules-sous": {
                    "type": "github_team_repository",
                    "depends_on": [
                        "github_team.Chef_de_partie"
                    ],
                    "primary": {
                        "id": "2228794:sc-foodcritic-rules",
                        "attributes": {
                            "id": "2228794:sc-foodcritic-rules",
                            "permission": "push",
                            "repository": "sc-foodcritic-rules",
                            "team_id": "2228794"
                        },
                        "meta": {},
                        "tainted": false
                    },
                    "deposed": [],
                    "provider": ""
                },
                "github_team_repository.sc-generator": {
                    "type": "github_team_repository",
                    "depends_on": [
                        "github_team.board"
                    ],
                    "primary": {
                        "id": "2228827:sc-generator",
                        "attributes": {
                            "id": "2228827:sc-generator",
                            "permission": "admin",
                            "repository": "sc-generator",
                            "team_id": "2228827"
                        },
                        "meta": {},
                        "tainted": false
                    },
                    "deposed": [],
                    "provider": ""
                },
                "github_team_repository.sc-generator-sous": {
                    "type": "github_team_repository",
                    "depends_on": [
                        "github_team.Chef_de_partie"
                    ],
                    "primary": {
                        "id": "2228794:sc-generator",
                        "attributes": {
                            "id": "2228794:sc-generator",
                            "permission": "push",
                            "repository": "sc-generator",
                            "team_id": "2228794"
                        },
                        "meta": {},
                        "tainted": false
                    },
                    "deposed": [],
                    "provider": ""
                },
                "github_team_repository.sc-mysql": {
                    "type": "github_team_repository",
                    "depends_on": [
                        "github_team.Chef_de_partie"
                    ],
                    "primary": {
                        "id": "2228794:sc-mysql",
                        "attributes": {
                            "id": "2228794:sc-mysql",
                            "permission": "pull",
                            "repository": "sc-mysql",
                            "team_id": "2228794"
                        },
                        "meta": {},
                        "tainted": false
                    },
                    "deposed": [],
                    "provider": ""
                },
                "github_team_repository.sc-mysql_repo": {
                    "type": "github_team_repository",
                    "depends_on": [
                        "github_team.sc-mysql_team"
                    ],
                    "primary": {
                        "id": "2285906:sc-mysql",
                        "attributes": {
                            "id": "2285906:sc-mysql",
                            "permission": "admin",
                            "repository": "sc-mysql",
                            "team_id": "2285906"
                        },
                        "meta": {},
                        "tainted": false
                    },
                    "deposed": [],
                    "provider": ""
                },
                "github_team_repository.smartmontools": {
                    "type": "github_team_repository",
                    "depends_on": [
                        "github_team.Chef_de_partie"
                    ],
                    "primary": {
                        "id": "2228794:smartmontools",
                        "attributes": {
                            "id": "2228794:smartmontools",
                            "permission": "pull",
                            "repository": "smartmontools",
                            "team_id": "2228794"
                        },
                        "meta": {},
                        "tainted": false
                    },
                    "deposed": [],
                    "provider": ""
                },
                "github_team_repository.smartmontools_repo": {
                    "type": "github_team_repository",
                    "depends_on": [
                        "github_team.smartmontools_team"
                    ],
                    "primary": {
                        "id": "2228683:smartmontools",
                        "attributes": {
                            "id": "2228683:smartmontools",
                            "permission": "admin",
                            "repository": "smartmontools",
                            "team_id": "2228683"
                        },
                        "meta": {},
                        "tainted": false
                    },
                    "deposed": [],
                    "provider": ""
                },
                "github_team_repository.snort_repo": {
                    "type": "github_team_repository",
                    "depends_on": [
                        "github_team.snort_team"
                    ],
                    "primary": {
                        "id": "2228768:snort",
                        "attributes": {
                            "id": "2228768:snort",
                            "permission": "admin",
                            "repository": "snort",
                            "team_id": "2228768"
                        },
                        "meta": {},
                        "tainted": false
                    },
                    "deposed": [],
                    "provider": ""
                },
                "github_team_repository.sous-chefs-github-io": {
                    "type": "github_team_repository",
                    "depends_on": [
                        "github_team.board"
                    ],
                    "primary": {
                        "id": "2228827:sous-chefs.github.io",
                        "attributes": {
                            "id": "2228827:sous-chefs.github.io",
                            "permission": "admin",
                            "repository": "sous-chefs.github.io",
                            "team_id": "2228827"
                        },
                        "meta": {},
                        "tainted": false
                    },
                    "deposed": [],
                    "provider": ""
                },
                "github_team_repository.sous-chefs-github-io-sous": {
                    "type": "github_team_repository",
                    "depends_on": [
                        "github_team.Chef_de_partie"
                    ],
                    "primary": {
                        "id": "2228794:sous-chefs.github.io",
                        "attributes": {
                            "id": "2228794:sous-chefs.github.io",
                            "permission": "push",
                            "repository": "sous-chefs.github.io",
                            "team_id": "2228794"
                        },
                        "meta": {},
                        "tainted": false
                    },
                    "deposed": [],
                    "provider": ""
                },
                "github_team_repository.swap": {
                    "type": "github_team_repository",
                    "depends_on": [
                        "github_team.Chef_de_partie"
                    ],
                    "primary": {
                        "id": "2228794:swap",
                        "attributes": {
                            "id": "2228794:swap",
                            "permission": "pull",
                            "repository": "swap",
                            "team_id": "2228794"
                        },
                        "meta": {},
                        "tainted": false
                    },
                    "deposed": [],
                    "provider": ""
                },
                "github_team_repository.swap_repo": {
                    "type": "github_team_repository",
                    "depends_on": [
                        "github_team.swap"
                    ],
                    "primary": {
                        "id": "2279762:swap",
                        "attributes": {
                            "id": "2279762:swap",
                            "permission": "admin",
                            "repository": "swap",
                            "team_id": "2279762"
                        },
                        "meta": {},
                        "tainted": false
                    },
                    "deposed": [],
                    "provider": ""
                },
                "github_team_repository.sysctl_repo": {
                    "type": "github_team_repository",
                    "depends_on": [
                        "github_team.sysctl_team"
                    ],
                    "primary": {
                        "id": "2228769:sysctl",
                        "attributes": {
                            "id": "2228769:sysctl",
                            "permission": "admin",
                            "repository": "sysctl",
                            "team_id": "2228769"
                        },
                        "meta": {},
                        "tainted": false
                    },
                    "deposed": [],
                    "provider": ""
                },
                "github_team_repository.unbound": {
                    "type": "github_team_repository",
                    "depends_on": [
                        "github_team.Chef_de_partie"
                    ],
                    "primary": {
                        "id": "2228794:unbound",
                        "attributes": {
                            "id": "2228794:unbound",
                            "permission": "pull",
                            "repository": "unbound",
                            "team_id": "2228794"
                        },
                        "meta": {},
                        "tainted": false
                    },
                    "deposed": [],
                    "provider": ""
                },
                "github_team_repository.unbound_repo": {
                    "type": "github_team_repository",
                    "depends_on": [
                        "github_team.unbound_team"
                    ],
                    "primary": {
                        "id": "2228781:unbound",
                        "attributes": {
                            "id": "2228781:unbound",
                            "permission": "admin",
                            "repository": "unbound",
                            "team_id": "2228781"
                        },
                        "meta": {},
                        "tainted": false
                    },
                    "deposed": [],
                    "provider": ""
                },
                "github_team_repository.varnish": {
                    "type": "github_team_repository",
                    "depends_on": [
                        "github_team.Chef_de_partie"
                    ],
                    "primary": {
                        "id": "2228794:varnish",
                        "attributes": {
                            "id": "2228794:varnish",
                            "permission": "pull",
                            "repository": "varnish",
                            "team_id": "2228794"
                        },
                        "meta": {},
                        "tainted": false
                    },
                    "deposed": [],
                    "provider": ""
                },
                "github_team_repository.varnish_repo": {
                    "type": "github_team_repository",
                    "depends_on": [
                        "github_team.varnish_team"
                    ],
                    "primary": {
                        "id": "2269502:varnish",
                        "attributes": {
                            "id": "2269502:varnish",
                            "permission": "admin",
                            "repository": "varnish",
                            "team_id": "2269502"
                        },
                        "meta": {},
                        "tainted": false
                    },
                    "deposed": [],
                    "provider": ""
                }
            },
            "depends_on": []
        }
    ]
}
